
Microsoft Visual Studio Solution File, Format Version 12.00
# Visual Studio Version 16
VisualStudioVersion = 16.0.33130.400
MinimumVisualStudioVersion = 10.0.40219.1
Project("{FAE04EC0-301F-11D3-BF4B-00C04F79EFBC}") = "EzGarage", "EzGarage\EzGarage.csproj", "{A4F4F7E3-FD83-4CA1-ABDB-C3F2429CAF0F}"
EndProject
Global
	GlobalSection(SolutionConfigurationPlatforms) = preSolution
		Debug|Any CPU = Debug|Any CPU
		Release|Any CPU = Release|Any CPU
	EndGlobalSection
	GlobalSection(ProjectConfigurationPlatforms) = postSolution
		{A4F4F7E3-FD83-4CA1-ABDB-C3F2429CAF0F}.Debug|Any CPU.ActiveCfg = Debug|Any CPU
		{A4F4F7E3-FD83-4CA1-ABDB-C3F2429CAF0F}.Debug|Any CPU.Build.0 = Debug|Any CPU
		{A4F4F7E3-FD83-4CA1-ABDB-C3F2429CAF0F}.Release|Any CPU.ActiveCfg = Release|Any CPU
		{A4F4F7E3-FD83-4CA1-ABDB-C3F2429CAF0F}.Release|Any CPU.Build.0 = Release|Any CPU
	EndGlobalSection
	GlobalSection(SolutionProperties) = preSolution
		HideSolutionNode = FALSE
	EndGlobalSection
	GlobalSection(ExtensibilityGlobals) = postSolution
		SolutionGuid = {12BBE462-B428-472C-B569-F4CE956CE5EA}
	EndGlobalSection
EndGlobal
